
Microsoft Visual Studio Solution File, Format Version 12.00
# Visual Studio Version 17
VisualStudioVersion = 17.0.32014.148
MinimumVisualStudioVersion = 10.0.40219.1
Project("{FAE04EC0-301F-11D3-BF4B-00C04F79EFBC}") = "Portafolio", "Portafolio\Portafolio.csproj", "{2D480309-B222-4E8A-BE79-F79929067518}"
EndProject
Global
	GlobalSection(SolutionConfigurationPlatforms) = preSolution
		Debug|Any CPU = Debug|Any CPU
		Release|Any CPU = Release|Any CPU
	EndGlobalSection
	GlobalSection(ProjectConfigurationPlatforms) = postSolution
		{2D480309-B222-4E8A-BE79-F79929067518}.Debug|Any CPU.ActiveCfg = Debug|Any CPU
		{2D480309-B222-4E8A-BE79-F79929067518}.Debug|Any CPU.Build.0 = Debug|Any CPU
		{2D480309-B222-4E8A-BE79-F79929067518}.Release|Any CPU.ActiveCfg = Release|Any CPU
		{2D480309-B222-4E8A-BE79-F79929067518}.Release|Any CPU.Build.0 = Release|Any CPU
	EndGlobalSection
	GlobalSection(SolutionProperties) = preSolution
		HideSolutionNode = FALSE
	EndGlobalSection
	GlobalSection(ExtensibilityGlobals) = postSolution
		SolutionGuid = {9CCE79F2-AC98-4ACD-A7BE-672EB9FB6D59}
	EndGlobalSection
EndGlobal
